{
  "requires": true,
  "lockfileVersion": 1,
  "dependencies": {
    "phonegap-plugin-barcodescanner": {
      "version": "7.0.2",
      "resolved": "https://registry.npmjs.org/phonegap-plugin-barcodescanner/-/phonegap-plugin-barcodescanner-7.0.2.tgz",
      "integrity": "sha1-SQOdo8JD0l0uLJm0isEHrAtSHYo="
    }
  }
}
